
Microsoft Visual Studio Solution File, Format Version 12.00
# Visual Studio 15
Project("{FAE04EC0-301F-11D3-BF4B-00C04F79EFBC}") = "switchProject", "Assembly-CSharp.csproj", "{28EACE3E-8682-BBBB-8747-B2968AD84721}"
EndProject
Project("{FAE04EC0-301F-11D3-BF4B-00C04F79EFBC}") = "switchProject", "Assembly-CSharp-Editor.csproj", "{F406521E-8ED8-5338-73CA-F7732EE2CAE6}"
EndProject
Global
	GlobalSection(SolutionConfigurationPlatforms) = preSolution
		Debug|Any CPU = Debug|Any CPU
		Release|Any CPU = Release|Any CPU
	EndGlobalSection
	GlobalSection(ProjectConfigurationPlatforms) = postSolution
		{28EACE3E-8682-BBBB-8747-B2968AD84721}.Debug|Any CPU.ActiveCfg = Debug|Any CPU
		{28EACE3E-8682-BBBB-8747-B2968AD84721}.Debug|Any CPU.Build.0 = Debug|Any CPU
		{28EACE3E-8682-BBBB-8747-B2968AD84721}.Release|Any CPU.ActiveCfg = Release|Any CPU
		{28EACE3E-8682-BBBB-8747-B2968AD84721}.Release|Any CPU.Build.0 = Release|Any CPU
		{F406521E-8ED8-5338-73CA-F7732EE2CAE6}.Debug|Any CPU.ActiveCfg = Debug|Any CPU
		{F406521E-8ED8-5338-73CA-F7732EE2CAE6}.Debug|Any CPU.Build.0 = Debug|Any CPU
		{F406521E-8ED8-5338-73CA-F7732EE2CAE6}.Release|Any CPU.ActiveCfg = Release|Any CPU
		{F406521E-8ED8-5338-73CA-F7732EE2CAE6}.Release|Any CPU.Build.0 = Release|Any CPU
	EndGlobalSection
	GlobalSection(SolutionProperties) = preSolution
		HideSolutionNode = FALSE
	EndGlobalSection
EndGlobal
